PODS:
  - Alamofire (5.8.1)
  - GoogleMaps (5.2.0):
    - GoogleMaps/Maps (= 5.2.0)
  - GoogleMaps/Base (5.2.0)
  - GoogleMaps/Maps (5.2.0):
    - GoogleMaps/Base

DEPENDENCIES:
  - Alamofire (~> 5.0)
  - GoogleMaps

SPEC REPOS:
  trunk:
    - Alamofire
    - GoogleMaps

SPEC CHECKSUMS:
  Alamofire: 3ca42e259043ee0dc5c0cdd76c4bc568b8e42af7
  GoogleMaps: 025272d5876d3b32604e5c080dc25eaf68764693

PODFILE CHECKSUM: fee6aa1ea050af5808a1494debc31279da2144e4

COCOAPODS: 1.14.3
